
Microsoft Visual Studio Solution File, Format Version 12.00
# Visual Studio 2012
Project("{FAE04EC0-301F-11D3-BF4B-00C04F79EFBC}") = "Hotello.UI.Web", "Hotello.UI.Web\Hotello.UI.Web.csproj", "{A08AEF41-0591-46F2-98D9-42B2D4F13EA9}"
EndProject
Project("{FAE04EC0-301F-11D3-BF4B-00C04F79EFBC}") = "Hotello.UI.Web.Tests", "Hotello.UI.Web.Tests\Hotello.UI.Web.Tests.csproj", "{7F18281A-3744-447E-A4C5-2D6F9FCA4741}"
EndProject
Project("{FAE04EC0-301F-11D3-BF4B-00C04F79EFBC}") = "Hotello.Core", "Hotello.Core\Hotello.Core.csproj", "{21DD04F1-D7AB-4843-BB5B-7BD954523A2C}"
EndProject
Project("{FAE04EC0-301F-11D3-BF4B-00C04F79EFBC}") = "Hotello.Services.Expedia", "Hotello.Services.Expedia\Hotello.Services.Expedia.csproj", "{3E5CF7FB-8E8E-47E2-9382-A6E7698B628A}"
EndProject
Project("{FAE04EC0-301F-11D3-BF4B-00C04F79EFBC}") = "Hotello.Services.Google", "Hotello.Services.Google\Hotello.Services.Google.csproj", "{D90EFF01-26CC-4942-8235-E332B3AA52E3}"
EndProject
Project("{FAE04EC0-301F-11D3-BF4B-00C04F79EFBC}") = "Hotello.Data", "Hotello.Data\Hotello.Data.csproj", "{21998635-A483-463B-9B7A-414A5C9B0A2B}"
EndProject
Project("{2150E333-8FDC-42A3-9474-1A3956D46DE8}") = ".nuget", ".nuget", "{C0C8A281-7CF3-46BE-8EC3-22590C684436}"
	ProjectSection(SolutionItems) = preProject
		.nuget\NuGet.Config = .nuget\NuGet.Config
		.nuget\NuGet.exe = .nuget\NuGet.exe
		.nuget\NuGet.targets = .nuget\NuGet.targets
	EndProjectSection
EndProject
Project("{FAE04EC0-301F-11D3-BF4B-00C04F79EFBC}") = "Hotello.Services.Expedia.Tests", "Hotello.Services.Expedia.Tests\Hotello.Services.Expedia.Tests.csproj", "{BB877816-3FF7-4400-90FF-B861CD1D54AA}"
EndProject
Project("{FAE04EC0-301F-11D3-BF4B-00C04F79EFBC}") = "Hotello.Common", "Hotello.Common\Hotello.Common.csproj", "{1B4033FB-5F82-4A0A-99F8-0876E0196EFE}"
EndProject
Project("{FAE04EC0-301F-11D3-BF4B-00C04F79EFBC}") = "Hotello.Services.Wunderground", "Hotello.Services.Wunderground\Hotello.Services.Wunderground.csproj", "{4ABE99EE-2B04-4BF9-B543-F98955AA1CE9}"
EndProject
Project("{FAE04EC0-301F-11D3-BF4B-00C04F79EFBC}") = "Hotello.Services.GeoIp", "Hotello.Services.FreeGeoIp\Hotello.Services.GeoIp.csproj", "{8856ED1F-49BE-469B-9B48-64BF6522CD48}"
EndProject
Project("{FAE04EC0-301F-11D3-BF4B-00C04F79EFBC}") = "Hotello.Services.GeoIp.Tests", "Hotello.Services.GeoIp.Tests\Hotello.Services.GeoIp.Tests.csproj", "{40190C3D-B4D4-4D1E-B198-26598F7E6A2B}"
EndProject
Global
	GlobalSection(SolutionConfigurationPlatforms) = preSolution
		Debug|Any CPU = Debug|Any CPU
		Release|Any CPU = Release|Any CPU
	EndGlobalSection
	GlobalSection(ProjectConfigurationPlatforms) = postSolution
		{A08AEF41-0591-46F2-98D9-42B2D4F13EA9}.Debug|Any CPU.ActiveCfg = Debug|Any CPU
		{A08AEF41-0591-46F2-98D9-42B2D4F13EA9}.Debug|Any CPU.Build.0 = Debug|Any CPU
		{A08AEF41-0591-46F2-98D9-42B2D4F13EA9}.Release|Any CPU.ActiveCfg = Release|Any CPU
		{A08AEF41-0591-46F2-98D9-42B2D4F13EA9}.Release|Any CPU.Build.0 = Release|Any CPU
		{7F18281A-3744-447E-A4C5-2D6F9FCA4741}.Debug|Any CPU.ActiveCfg = Debug|Any CPU
		{7F18281A-3744-447E-A4C5-2D6F9FCA4741}.Debug|Any CPU.Build.0 = Debug|Any CPU
		{7F18281A-3744-447E-A4C5-2D6F9FCA4741}.Release|Any CPU.ActiveCfg = Release|Any CPU
		{7F18281A-3744-447E-A4C5-2D6F9FCA4741}.Release|Any CPU.Build.0 = Release|Any CPU
		{21DD04F1-D7AB-4843-BB5B-7BD954523A2C}.Debug|Any CPU.ActiveCfg = Debug|Any CPU
		{21DD04F1-D7AB-4843-BB5B-7BD954523A2C}.Debug|Any CPU.Build.0 = Debug|Any CPU
		{21DD04F1-D7AB-4843-BB5B-7BD954523A2C}.Release|Any CPU.ActiveCfg = Release|Any CPU
		{21DD04F1-D7AB-4843-BB5B-7BD954523A2C}.Release|Any CPU.Build.0 = Release|Any CPU
		{3E5CF7FB-8E8E-47E2-9382-A6E7698B628A}.Debug|Any CPU.ActiveCfg = Debug|Any CPU
		{3E5CF7FB-8E8E-47E2-9382-A6E7698B628A}.Debug|Any CPU.Build.0 = Debug|Any CPU
		{3E5CF7FB-8E8E-47E2-9382-A6E7698B628A}.Release|Any CPU.ActiveCfg = Release|Any CPU
		{3E5CF7FB-8E8E-47E2-9382-A6E7698B628A}.Release|Any CPU.Build.0 = Release|Any CPU
		{D90EFF01-26CC-4942-8235-E332B3AA52E3}.Debug|Any CPU.ActiveCfg = Debug|Any CPU
		{D90EFF01-26CC-4942-8235-E332B3AA52E3}.Debug|Any CPU.Build.0 = Debug|Any CPU
		{D90EFF01-26CC-4942-8235-E332B3AA52E3}.Release|Any CPU.ActiveCfg = Release|Any CPU
		{D90EFF01-26CC-4942-8235-E332B3AA52E3}.Release|Any CPU.Build.0 = Release|Any CPU
		{21998635-A483-463B-9B7A-414A5C9B0A2B}.Debug|Any CPU.ActiveCfg = Debug|Any CPU
		{21998635-A483-463B-9B7A-414A5C9B0A2B}.Debug|Any CPU.Build.0 = Debug|Any CPU
		{21998635-A483-463B-9B7A-414A5C9B0A2B}.Release|Any CPU.ActiveCfg = Release|Any CPU
		{21998635-A483-463B-9B7A-414A5C9B0A2B}.Release|Any CPU.Build.0 = Release|Any CPU
		{BB877816-3FF7-4400-90FF-B861CD1D54AA}.Debug|Any CPU.ActiveCfg = Debug|Any CPU
		{BB877816-3FF7-4400-90FF-B861CD1D54AA}.Debug|Any CPU.Build.0 = Debug|Any CPU
		{BB877816-3FF7-4400-90FF-B861CD1D54AA}.Release|Any CPU.ActiveCfg = Release|Any CPU
		{BB877816-3FF7-4400-90FF-B861CD1D54AA}.Release|Any CPU.Build.0 = Release|Any CPU
		{1B4033FB-5F82-4A0A-99F8-0876E0196EFE}.Debug|Any CPU.ActiveCfg = Debug|Any CPU
		{1B4033FB-5F82-4A0A-99F8-0876E0196EFE}.Debug|Any CPU.Build.0 = Debug|Any CPU
		{1B4033FB-5F82-4A0A-99F8-0876E0196EFE}.Release|Any CPU.ActiveCfg = Release|Any CPU
		{1B4033FB-5F82-4A0A-99F8-0876E0196EFE}.Release|Any CPU.Build.0 = Release|Any CPU
		{4ABE99EE-2B04-4BF9-B543-F98955AA1CE9}.Debug|Any CPU.ActiveCfg = Debug|Any CPU
		{4ABE99EE-2B04-4BF9-B543-F98955AA1CE9}.Debug|Any CPU.Build.0 = Debug|Any CPU
		{4ABE99EE-2B04-4BF9-B543-F98955AA1CE9}.Release|Any CPU.ActiveCfg = Release|Any CPU
		{4ABE99EE-2B04-4BF9-B543-F98955AA1CE9}.Release|Any CPU.Build.0 = Release|Any CPU
		{8856ED1F-49BE-469B-9B48-64BF6522CD48}.Debug|Any CPU.ActiveCfg = Debug|Any CPU
		{8856ED1F-49BE-469B-9B48-64BF6522CD48}.Debug|Any CPU.Build.0 = Debug|Any CPU
		{8856ED1F-49BE-469B-9B48-64BF6522CD48}.Release|Any CPU.ActiveCfg = Release|Any CPU
		{8856ED1F-49BE-469B-9B48-64BF6522CD48}.Release|Any CPU.Build.0 = Release|Any CPU
		{40190C3D-B4D4-4D1E-B198-26598F7E6A2B}.Debug|Any CPU.ActiveCfg = Debug|Any CPU
		{40190C3D-B4D4-4D1E-B198-26598F7E6A2B}.Debug|Any CPU.Build.0 = Debug|Any CPU
		{40190C3D-B4D4-4D1E-B198-26598F7E6A2B}.Release|Any CPU.ActiveCfg = Release|Any CPU
		{40190C3D-B4D4-4D1E-B198-26598F7E6A2B}.Release|Any CPU.Build.0 = Release|Any CPU
	EndGlobalSection
	GlobalSection(SolutionProperties) = preSolution
		HideSolutionNode = FALSE
	EndGlobalSection
EndGlobal
